
Microsoft Visual Studio Solution File, Format Version 12.00
# Visual Studio 2012
Project("{FAE04EC0-301F-11D3-BF4B-00C04F79EFBC}") = "csBasketBall", "csBasketBall\csBasketBall.csproj", "{121B4E40-B081-4C21-BEBE-4C2E6C879EBE}"
EndProject
Global
	GlobalSection(SolutionConfigurationPlatforms) = preSolution
		Debug|Any CPU = Debug|Any CPU
		Release|Any CPU = Release|Any CPU
	EndGlobalSection
	GlobalSection(ProjectConfigurationPlatforms) = postSolution
		{121B4E40-B081-4C21-BEBE-4C2E6C879EBE}.Debug|Any CPU.ActiveCfg = Debug|Any CPU
		{121B4E40-B081-4C21-BEBE-4C2E6C879EBE}.Debug|Any CPU.Build.0 = Debug|Any CPU
		{121B4E40-B081-4C21-BEBE-4C2E6C879EBE}.Release|Any CPU.ActiveCfg = Release|Any CPU
		{121B4E40-B081-4C21-BEBE-4C2E6C879EBE}.Release|Any CPU.Build.0 = Release|Any CPU
	EndGlobalSection
EndGlobal
